
Microsoft Visual Studio Solution File, Format Version 12.00
# Visual Studio 15
Project("{FAE04EC0-301F-11D3-BF4B-00C04F79EFBC}") = "Assembly-CSharp", "Assembly-CSharp.csproj", "{09FCC79A-E24E-B27A-3E90-5F390D3E24DF}"
EndProject
Project("{FAE04EC0-301F-11D3-BF4B-00C04F79EFBC}") = "Assembly-CSharp-Editor", "Assembly-CSharp-Editor.csproj", "{C1E25128-1ED3-3839-9577-1F12E17D2B90}"
EndProject
Global
	GlobalSection(SolutionConfigurationPlatforms) = preSolution
		Debug|Any CPU = Debug|Any CPU
		Release|Any CPU = Release|Any CPU
	EndGlobalSection
	GlobalSection(ProjectConfigurationPlatforms) = postSolution
		{09FCC79A-E24E-B27A-3E90-5F390D3E24DF}.Debug|Any CPU.ActiveCfg = Debug|Any CPU
		{09FCC79A-E24E-B27A-3E90-5F390D3E24DF}.Debug|Any CPU.Build.0 = Debug|Any CPU
		{09FCC79A-E24E-B27A-3E90-5F390D3E24DF}.Release|Any CPU.ActiveCfg = Release|Any CPU
		{09FCC79A-E24E-B27A-3E90-5F390D3E24DF}.Release|Any CPU.Build.0 = Release|Any CPU
		{C1E25128-1ED3-3839-9577-1F12E17D2B90}.Debug|Any CPU.ActiveCfg = Debug|Any CPU
		{C1E25128-1ED3-3839-9577-1F12E17D2B90}.Debug|Any CPU.Build.0 = Debug|Any CPU
		{C1E25128-1ED3-3839-9577-1F12E17D2B90}.Release|Any CPU.ActiveCfg = Release|Any CPU
		{C1E25128-1ED3-3839-9577-1F12E17D2B90}.Release|Any CPU.Build.0 = Release|Any CPU
	EndGlobalSection
	GlobalSection(SolutionProperties) = preSolution
		HideSolutionNode = FALSE
	EndGlobalSection
EndGlobal
